github.com/NordSecurity/gopenvpn v0.0.0-20230117114932-2252c52984b4 h1:2ozEjYEw4WzXAXe/t5rxnvcFytR8z/PA/Xrv3FpByng=
github.com/NordSecurity/gopenvpn v0.0.0-20230117114932-2252c52984b4/go.mod h1:tguhorMSnkMcQExNIHWBX6TRhFeGYlERzbeAWZ4j9Uw=
golang.org/x/sys v0.16.0 h1:xWw16ngr6ZMtmxDyKyIgsE93KNKz5HKmMa3b8ALHidU=
golang.org/x/sys v0.16.0/go.mod h1:/VUhepiaJMQUp4+oa/7Zr1D23ma6VTLIYjOOTFZPUcA=
